
Microsoft Visual Studio Solution File, Format Version 12.00
# Visual Studio Version 17
VisualStudioVersion = 17.12.35527.113 d17.12
MinimumVisualStudioVersion = 10.0.40219.1
Project("{FAE04EC0-301F-11D3-BF4B-00C04F79EFBC}") = "DataAccessLayer", "ManageLibrary\DataAccessLayer\DataAccessLayer.csproj", "{03534AC2-AEB9-497B-A561-B2D56093C28D}"
EndProject
Project("{FAE04EC0-301F-11D3-BF4B-00C04F79EFBC}") = "BusinessAccessLayer", "ManageLibrary\BusinessAccessLayer\BusinessAccessLayer.csproj", "{DAC2A796-36C2-47ED-A181-05BD042246A9}"
EndProject
Project("{FAE04EC0-301F-11D3-BF4B-00C04F79EFBC}") = "GUIAPP", "ManageLibrary\GUIAPP\GUIAPP.csproj", "{B0F5A2F7-626E-4E9E-BF21-9B279A92CB5E}"
EndProject
Global
	GlobalSection(SolutionConfigurationPlatforms) = preSolution
		Debug|Any CPU = Debug|Any CPU
		Release|Any CPU = Release|Any CPU
	EndGlobalSection
	GlobalSection(ProjectConfigurationPlatforms) = postSolution
		{03534AC2-AEB9-497B-A561-B2D56093C28D}.Debug|Any CPU.ActiveCfg = Debug|Any CPU
		{03534AC2-AEB9-497B-A561-B2D56093C28D}.Debug|Any CPU.Build.0 = Debug|Any CPU
		{03534AC2-AEB9-497B-A561-B2D56093C28D}.Release|Any CPU.ActiveCfg = Release|Any CPU
		{03534AC2-AEB9-497B-A561-B2D56093C28D}.Release|Any CPU.Build.0 = Release|Any CPU
		{DAC2A796-36C2-47ED-A181-05BD042246A9}.Debug|Any CPU.ActiveCfg = Debug|Any CPU
		{DAC2A796-36C2-47ED-A181-05BD042246A9}.Debug|Any CPU.Build.0 = Debug|Any CPU
		{DAC2A796-36C2-47ED-A181-05BD042246A9}.Release|Any CPU.ActiveCfg = Release|Any CPU
		{DAC2A796-36C2-47ED-A181-05BD042246A9}.Release|Any CPU.Build.0 = Release|Any CPU
		{B0F5A2F7-626E-4E9E-BF21-9B279A92CB5E}.Debug|Any CPU.ActiveCfg = Debug|Any CPU
		{B0F5A2F7-626E-4E9E-BF21-9B279A92CB5E}.Debug|Any CPU.Build.0 = Debug|Any CPU
		{B0F5A2F7-626E-4E9E-BF21-9B279A92CB5E}.Release|Any CPU.ActiveCfg = Release|Any CPU
		{B0F5A2F7-626E-4E9E-BF21-9B279A92CB5E}.Release|Any CPU.Build.0 = Release|Any CPU
	EndGlobalSection
	GlobalSection(SolutionProperties) = preSolution
		HideSolutionNode = FALSE
	EndGlobalSection
EndGlobal
